
Microsoft Visual Studio Solution File, Format Version 12.00
# Visual Studio Version 16
VisualStudioVersion = 16.0.29411.108
MinimumVisualStudioVersion = 10.0.40219.1
Project("{FAE04EC0-301F-11D3-BF4B-00C04F79EFBC}") = "HCI", "HCI\HCI.csproj", "{A8125C7E-0CF9-4265-A286-9ED63771517D}"
EndProject
Global
	GlobalSection(SolutionConfigurationPlatforms) = preSolution
		Debug|Any CPU = Debug|Any CPU
		Release|Any CPU = Release|Any CPU
	EndGlobalSection
	GlobalSection(ProjectConfigurationPlatforms) = postSolution
		{A8125C7E-0CF9-4265-A286-9ED63771517D}.Debug|Any CPU.ActiveCfg = Debug|Any CPU
		{A8125C7E-0CF9-4265-A286-9ED63771517D}.Debug|Any CPU.Build.0 = Debug|Any CPU
		{A8125C7E-0CF9-4265-A286-9ED63771517D}.Release|Any CPU.ActiveCfg = Release|Any CPU
		{A8125C7E-0CF9-4265-A286-9ED63771517D}.Release|Any CPU.Build.0 = Release|Any CPU
	EndGlobalSection
	GlobalSection(SolutionProperties) = preSolution
		HideSolutionNode = FALSE
	EndGlobalSection
	GlobalSection(ExtensibilityGlobals) = postSolution
		SolutionGuid = {C1B57E25-C41A-4650-B1E3-8BA785D3FEC1}
	EndGlobalSection
EndGlobal
